<?xml version="1.0" encoding="utf-8"?>
<Project ToolsVersion="4.0" xmlns="http://schemas.microsoft.com/developer/msbuild/2003">
  <ItemGroup>
    <Filter Include="源文件">
      <UniqueIdentifier>{4FC737F1-C7A5-4376-A066-2A32D752A2FF}</UniqueIdentifier>
      <Extensions>cpp;c;cc;cxx;def;odl;idl;hpj;bat;asm;asmx</Extensions>
    </Filter>
    <Filter Include="头文件">
      <UniqueIdentifier>{93995380-89BD-4b04-88EB-625FBE52EBFB}</UniqueIdentifier>
      <Extensions>h;hh;hpp;hxx;hm;inl;inc;xsd</Extensions>
    </Filter>
    <Filter Include="资源文件">
      <UniqueIdentifier>{67DA6AB6-F800-4c08-8B7A-83BB121AAD01}</UniqueIdentifier>
      <Extensions>rc;ico;cur;bmp;dlg;rc2;rct;bin;rgs;gif;jpg;jpeg;jpe;resx;tiff;tif;png;wav;mfcribbon-ms</Extensions>
    </Filter>
    <Filter Include="FileTest">
      <UniqueIdentifier>{eb93d828-625e-4f87-9288-2304d1a70326}</UniqueIdentifier>
    </Filter>
    <Filter Include="SocketTest">
      <UniqueIdentifier>{516ce3ac-dc3a-4178-8ba0-63e03c330c25}</UniqueIdentifier>
    </Filter>
    <Filter Include="HttpServerTest">
      <UniqueIdentifier>{ed5b0b30-5848-47d4-933f-e30f1173e4aa}</UniqueIdentifier>
    </Filter>
    <Filter Include="CommonTest">
      <UniqueIdentifier>{d5329582-a189-4d5d-839c-dcbedb7aed1a}</UniqueIdentifier>
    </Filter>
  </ItemGroup>
  <ItemGroup>
    <Text Include="ReadMe.txt" />
  </ItemGroup>
  <ItemGroup>
    <ClInclude Include="stdafx.h">
      <Filter>头文件</Filter>
    </ClInclude>
    <ClInclude Include="targetver.h">
      <Filter>头文件</Filter>
    </ClInclude>
    <ClInclude Include="FileTest.h">
      <Filter>FileTest</Filter>
    </ClInclude>
    <ClInclude Include="..\include\SystemModule\IOFile.h">
      <Filter>FileTest</Filter>
    </ClInclude>
    <ClInclude Include="SocketTest.h">
      <Filter>SocketTest</Filter>
    </ClInclude>
    <ClInclude Include="..\include\SystemModule\WinSockImpl.h">
      <Filter>SocketTest</Filter>
    </ClInclude>
    <ClInclude Include="..\include\HttpModule\IWebConnect.h">
      <Filter>SocketTest</Filter>
    </ClInclude>
    <ClInclude Include="RegexTest.h">
      <Filter>HttpServerTest</Filter>
    </ClInclude>
    <ClInclude Include="..\include\HttpModule\HttpStruct.h">
      <Filter>HttpServerTest</Filter>
    </ClInclude>
    <ClInclude Include="FunctionTEst.h">
      <Filter>CommonTest</Filter>
    </ClInclude>
    <ClInclude Include="..\include\Common\CommonFunction.h">
      <Filter>CommonTest</Filter>
    </ClInclude>
    <ClInclude Include="HttpServerTest.h">
      <Filter>HttpServerTest</Filter>
    </ClInclude>
  </ItemGroup>
  <ItemGroup>
    <ClCompile Include="stdafx.cpp">
      <Filter>源文件</Filter>
    </ClCompile>
    <ClCompile Include="UnitTest.cpp">
      <Filter>源文件</Filter>
    </ClCompile>
    <ClCompile Include="FileTest.cpp">
      <Filter>FileTest</Filter>
    </ClCompile>
    <ClCompile Include="..\include\SystemModule\IOFile.cpp">
      <Filter>FileTest</Filter>
    </ClCompile>
    <ClCompile Include="SocketTest.cpp">
      <Filter>SocketTest</Filter>
    </ClCompile>
    <ClCompile Include="..\include\SystemModule\WinSockImpl.cpp">
      <Filter>SocketTest</Filter>
    </ClCompile>
    <ClCompile Include="RegexTest.cpp">
      <Filter>HttpServerTest</Filter>
    </ClCompile>
    <ClCompile Include="..\include\HttpModule\HttpStruct.cpp">
      <Filter>HttpServerTest</Filter>
    </ClCompile>
    <ClCompile Include="FunctionTest.cpp">
      <Filter>CommonTest</Filter>
    </ClCompile>
    <ClCompile Include="..\include\Common\CommonFunction.cpp">
      <Filter>CommonTest</Filter>
    </ClCompile>
    <ClCompile Include="HttpServerTest.cpp">
      <Filter>HttpServerTest</Filter>
    </ClCompile>
  </ItemGroup>
</Project>