<?xml version="1.0" encoding="utf-8"?>
<Project ToolsVersion="4.0" xmlns="http://schemas.microsoft.com/developer/msbuild/2003">
  <ItemGroup>
    <Filter Include="源文件">
      <UniqueIdentifier>{4FC737F1-C7A5-4376-A066-2A32D752A2FF}</UniqueIdentifier>
      <Extensions>cpp;c;cc;cxx;def;odl;idl;hpj;bat;asm;asmx</Extensions>
    </Filter>
    <Filter Include="头文件">
      <UniqueIdentifier>{93995380-89BD-4b04-88EB-625FBE52EBFB}</UniqueIdentifier>
      <Extensions>h;hh;hpp;hxx;hm;inl;inc;xsd</Extensions>
    </Filter>
    <Filter Include="资源文件">
      <UniqueIdentifier>{67DA6AB6-F800-4c08-8B7A-83BB121AAD01}</UniqueIdentifier>
      <Extensions>rc;ico;cur;bmp;dlg;rc2;rct;bin;rgs;gif;jpg;jpeg;jpe;resx;tiff;tif;png;wav;mfcribbon-ms</Extensions>
    </Filter>
    <Filter Include="SystemModule">
      <UniqueIdentifier>{df01f4b1-b5de-4302-b6eb-cde08bc89756}</UniqueIdentifier>
    </Filter>
    <Filter Include="HttpModule">
      <UniqueIdentifier>{04eda380-d34d-487e-bef9-c71dae844560}</UniqueIdentifier>
    </Filter>
    <Filter Include="Common">
      <UniqueIdentifier>{d76d5f1c-ac17-4b04-affc-8cf67f73de8b}</UniqueIdentifier>
    </Filter>
  </ItemGroup>
  <ItemGroup>
    <Text Include="ReadMe.txt" />
  </ItemGroup>
  <ItemGroup>
    <ClInclude Include="stdafx.h">
      <Filter>头文件</Filter>
    </ClInclude>
    <ClInclude Include="targetver.h">
      <Filter>头文件</Filter>
    </ClInclude>
    <ClInclude Include="..\include\Common\ErrorHandle.h">
      <Filter>Common</Filter>
    </ClInclude>
    <ClInclude Include="..\include\Common\ZDef.h">
      <Filter>Common</Filter>
    </ClInclude>
    <ClInclude Include="..\include\HttpModule\HTTPMessage.h">
      <Filter>HttpModule</Filter>
    </ClInclude>
    <ClInclude Include="..\include\HttpModule\IWebConnect.h">
      <Filter>HttpModule</Filter>
    </ClInclude>
    <ClInclude Include="..\include\SystemModule\IOFile.h">
      <Filter>SystemModule</Filter>
    </ClInclude>
    <ClInclude Include="..\include\SystemModule\WinSockImpl.h">
      <Filter>SystemModule</Filter>
    </ClInclude>
    <ClInclude Include="..\include\HttpModule\HttpServer.h">
      <Filter>HttpModule</Filter>
    </ClInclude>
    <ClInclude Include="..\include\HttpModule\HttpStruct.h">
      <Filter>HttpModule</Filter>
    </ClInclude>
    <ClInclude Include="..\include\Common\commonRegex.h">
      <Filter>Common</Filter>
    </ClInclude>
    <ClInclude Include="..\include\Common\CommonFunction.h">
      <Filter>Common</Filter>
    </ClInclude>
  </ItemGroup>
  <ItemGroup>
    <ClCompile Include="stdafx.cpp">
      <Filter>源文件</Filter>
    </ClCompile>
    <ClCompile Include="ServerSide.cpp">
      <Filter>源文件</Filter>
    </ClCompile>
    <ClCompile Include="..\include\Common\ErrorHandle.cpp">
      <Filter>Common</Filter>
    </ClCompile>
    <ClCompile Include="..\include\SystemModule\WinSockImpl.cpp">
      <Filter>SystemModule</Filter>
    </ClCompile>
    <ClCompile Include="..\include\SystemModule\IOFile.cpp">
      <Filter>SystemModule</Filter>
    </ClCompile>
    <ClCompile Include="..\include\HttpModule\HttpServer.cpp">
      <Filter>HttpModule</Filter>
    </ClCompile>
    <ClCompile Include="..\include\HttpModule\HttpStruct.cpp">
      <Filter>HttpModule</Filter>
    </ClCompile>
    <ClCompile Include="..\include\Common\CommonFunction.cpp">
      <Filter>Common</Filter>
    </ClCompile>
  </ItemGroup>
</Project>